
Microsoft Visual Studio Solution File, Format Version 12.00
# Visual Studio Version 17
VisualStudioVersion = 17.14.36301.6 d17.14
MinimumVisualStudioVersion = 10.0.40219.1
Project("{FAE04EC0-301F-11D3-BF4B-00C04F79EFBC}") = "Assignment", "Assignment\Assignment.csproj", "{CDE1DAA8-8C66-4409-8F57-6ECD806800E8}"
EndProject
Global
	GlobalSection(SolutionConfigurationPlatforms) = preSolution
		Debug|Any CPU = Debug|Any CPU
		Release|Any CPU = Release|Any CPU
	EndGlobalSection
	GlobalSection(ProjectConfigurationPlatforms) = postSolution
		{CDE1DAA8-8C66-4409-8F57-6ECD806800E8}.Debug|Any CPU.ActiveCfg = Debug|Any CPU
		{CDE1DAA8-8C66-4409-8F57-6ECD806800E8}.Debug|Any CPU.Build.0 = Debug|Any CPU
		{CDE1DAA8-8C66-4409-8F57-6ECD806800E8}.Release|Any CPU.ActiveCfg = Release|Any CPU
		{CDE1DAA8-8C66-4409-8F57-6ECD806800E8}.Release|Any CPU.Build.0 = Release|Any CPU
	EndGlobalSection
	GlobalSection(SolutionProperties) = preSolution
		HideSolutionNode = FALSE
	EndGlobalSection
	GlobalSection(ExtensibilityGlobals) = postSolution
		SolutionGuid = {75842FA5-7391-412F-AB3B-F17B2B3A8911}
	EndGlobalSection
EndGlobal
